
Microsoft Visual Studio Solution File, Format Version 12.00
# Visual Studio Version 17
VisualStudioVersion = 17.2.32630.192
MinimumVisualStudioVersion = 10.0.40219.1
Project("{9A19103F-16F7-4668-BE54-9A1E7A4F7556}") = "grpc_server", "grpc_server\grpc_server.csproj", "{CAE01FE2-EE8C-4704-A219-A308D8CB202B}"
EndProject
Project("{2150E333-8FDC-42A3-9474-1A3956D46DE8}") = "protobuf_contracts", "protobuf_contracts", "{D5030DF4-F787-45AF-BE9B-83B7A66B183A}"
EndProject
Project("{2150E333-8FDC-42A3-9474-1A3956D46DE8}") = "greet_service", "greet_service", "{F7F0EA82-77AD-42F7-8958-7473CF594973}"
	ProjectSection(SolutionItems) = preProject
		protobuf_contracts\greet_service\greet.proto = protobuf_contracts\greet_service\greet.proto
	EndProjectSection
EndProject
Global
	GlobalSection(SolutionConfigurationPlatforms) = preSolution
		Debug|Any CPU = Debug|Any CPU
		Release|Any CPU = Release|Any CPU
	EndGlobalSection
	GlobalSection(ProjectConfigurationPlatforms) = postSolution
		{CAE01FE2-EE8C-4704-A219-A308D8CB202B}.Debug|Any CPU.ActiveCfg = Debug|Any CPU
		{CAE01FE2-EE8C-4704-A219-A308D8CB202B}.Debug|Any CPU.Build.0 = Debug|Any CPU
		{CAE01FE2-EE8C-4704-A219-A308D8CB202B}.Release|Any CPU.ActiveCfg = Release|Any CPU
		{CAE01FE2-EE8C-4704-A219-A308D8CB202B}.Release|Any CPU.Build.0 = Release|Any CPU
	EndGlobalSection
	GlobalSection(SolutionProperties) = preSolution
		HideSolutionNode = FALSE
	EndGlobalSection
	GlobalSection(NestedProjects) = preSolution
		{F7F0EA82-77AD-42F7-8958-7473CF594973} = {D5030DF4-F787-45AF-BE9B-83B7A66B183A}
	EndGlobalSection
	GlobalSection(ExtensibilityGlobals) = postSolution
		SolutionGuid = {9E8CB369-27F0-4F73-BFE9-5D272B04A552}
	EndGlobalSection
EndGlobal
